
Microsoft Visual Studio Solution File, Format Version 12.00
# Visual Studio Version 17
VisualStudioVersion = 17.9.34622.214
MinimumVisualStudioVersion = 10.0.40219.1
Project("{9A19103F-16F7-4668-BE54-9A1E7A4F7556}") = "Kalkulator", "Kalkulator\Kalkulator.csproj", "{55621092-E205-4373-9AAD-4090986A79BA}"
EndProject
Project("{FAE04EC0-301F-11D3-BF4B-00C04F79EFBC}") = "KalkulatorTest", "KalkulatorTest\KalkulatorTest.csproj", "{8C1EF953-DC4B-4849-AF24-11CE58287D8C}"
EndProject
Global
	GlobalSection(SolutionConfigurationPlatforms) = preSolution
		Debug|Any CPU = Debug|Any CPU
		Release|Any CPU = Release|Any CPU
	EndGlobalSection
	GlobalSection(ProjectConfigurationPlatforms) = postSolution
		{55621092-E205-4373-9AAD-4090986A79BA}.Debug|Any CPU.ActiveCfg = Debug|Any CPU
		{55621092-E205-4373-9AAD-4090986A79BA}.Debug|Any CPU.Build.0 = Debug|Any CPU
		{55621092-E205-4373-9AAD-4090986A79BA}.Release|Any CPU.ActiveCfg = Release|Any CPU
		{55621092-E205-4373-9AAD-4090986A79BA}.Release|Any CPU.Build.0 = Release|Any CPU
		{8C1EF953-DC4B-4849-AF24-11CE58287D8C}.Debug|Any CPU.ActiveCfg = Debug|Any CPU
		{8C1EF953-DC4B-4849-AF24-11CE58287D8C}.Debug|Any CPU.Build.0 = Debug|Any CPU
		{8C1EF953-DC4B-4849-AF24-11CE58287D8C}.Release|Any CPU.ActiveCfg = Release|Any CPU
		{8C1EF953-DC4B-4849-AF24-11CE58287D8C}.Release|Any CPU.Build.0 = Release|Any CPU
	EndGlobalSection
	GlobalSection(SolutionProperties) = preSolution
		HideSolutionNode = FALSE
	EndGlobalSection
	GlobalSection(ExtensibilityGlobals) = postSolution
		SolutionGuid = {341F3DC5-AC82-4F58-8285-BBD5102502D5}
	EndGlobalSection
EndGlobal
